
Microsoft Visual Studio Solution File, Format Version 12.00
# Visual Studio Version 17
VisualStudioVersion = 17.0.32126.317
MinimumVisualStudioVersion = 10.0.40219.1
Project("{8BC9CEB8-8B4A-11D0-8D11-00A0C91BC942}") = "shape", "shape\shape.vcxproj", "{4435DD1E-F219-45FA-B9CA-3B1E587D9BBC}"
EndProject
Project("{8BC9CEB8-8B4A-11D0-8D11-00A0C91BC942}") = "shape_tests", "shape_tests\shape_tests.vcxproj", "{1E2DBC04-321D-4952-8EE1-C12CEA47E059}"
EndProject
Global
	GlobalSection(SolutionConfigurationPlatforms) = preSolution
		Debug|x64 = Debug|x64
		Debug|x86 = Debug|x86
		Release|x64 = Release|x64
		Release|x86 = Release|x86
	EndGlobalSection
	GlobalSection(ProjectConfigurationPlatforms) = postSolution
		{4435DD1E-F219-45FA-B9CA-3B1E587D9BBC}.Debug|x64.ActiveCfg = Debug|x64
		{4435DD1E-F219-45FA-B9CA-3B1E587D9BBC}.Debug|x64.Build.0 = Debug|x64
		{4435DD1E-F219-45FA-B9CA-3B1E587D9BBC}.Debug|x86.ActiveCfg = Debug|Win32
		{4435DD1E-F219-45FA-B9CA-3B1E587D9BBC}.Debug|x86.Build.0 = Debug|Win32
		{4435DD1E-F219-45FA-B9CA-3B1E587D9BBC}.Release|x64.ActiveCfg = Release|x64
		{4435DD1E-F219-45FA-B9CA-3B1E587D9BBC}.Release|x64.Build.0 = Release|x64
		{4435DD1E-F219-45FA-B9CA-3B1E587D9BBC}.Release|x86.ActiveCfg = Release|Win32
		{4435DD1E-F219-45FA-B9CA-3B1E587D9BBC}.Release|x86.Build.0 = Release|Win32
		{1E2DBC04-321D-4952-8EE1-C12CEA47E059}.Debug|x64.ActiveCfg = Debug|x64
		{1E2DBC04-321D-4952-8EE1-C12CEA47E059}.Debug|x64.Build.0 = Debug|x64
		{1E2DBC04-321D-4952-8EE1-C12CEA47E059}.Debug|x86.ActiveCfg = Debug|Win32
		{1E2DBC04-321D-4952-8EE1-C12CEA47E059}.Debug|x86.Build.0 = Debug|Win32
		{1E2DBC04-321D-4952-8EE1-C12CEA47E059}.Release|x64.ActiveCfg = Release|x64
		{1E2DBC04-321D-4952-8EE1-C12CEA47E059}.Release|x64.Build.0 = Release|x64
		{1E2DBC04-321D-4952-8EE1-C12CEA47E059}.Release|x86.ActiveCfg = Release|Win32
		{1E2DBC04-321D-4952-8EE1-C12CEA47E059}.Release|x86.Build.0 = Release|Win32
	EndGlobalSection
	GlobalSection(SolutionProperties) = preSolution
		HideSolutionNode = FALSE
	EndGlobalSection
	GlobalSection(ExtensibilityGlobals) = postSolution
		SolutionGuid = {E08FC16D-CF3E-4A2F-AC6C-B2DA410AE963}
	EndGlobalSection
EndGlobal
